
Microsoft Visual Studio Solution File, Format Version 12.00
# Visual Studio Version 16
VisualStudioVersion = 25.0.1706.14
MinimumVisualStudioVersion = 10.0.40219.1
Project("{FAE04EC0-301F-11D3-BF4B-00C04F79EFBC}") = "Week8EpicGame", "Week8EpicGame.csproj", "{98354DED-9CB6-4F3E-89DB-A7406BDF05F9}"
EndProject
Global
	GlobalSection(SolutionConfigurationPlatforms) = preSolution
		Debug|Any CPU = Debug|Any CPU
		Release|Any CPU = Release|Any CPU
	EndGlobalSection
	GlobalSection(ProjectConfigurationPlatforms) = postSolution
		{98354DED-9CB6-4F3E-89DB-A7406BDF05F9}.Debug|Any CPU.ActiveCfg = Debug|Any CPU
		{98354DED-9CB6-4F3E-89DB-A7406BDF05F9}.Debug|Any CPU.Build.0 = Debug|Any CPU
		{98354DED-9CB6-4F3E-89DB-A7406BDF05F9}.Release|Any CPU.ActiveCfg = Release|Any CPU
		{98354DED-9CB6-4F3E-89DB-A7406BDF05F9}.Release|Any CPU.Build.0 = Release|Any CPU
	EndGlobalSection
	GlobalSection(SolutionProperties) = preSolution
		HideSolutionNode = FALSE
	EndGlobalSection
	GlobalSection(ExtensibilityGlobals) = postSolution
		SolutionGuid = {453E9E11-F6B1-4B6F-9F0D-AF4C473226D7}
	EndGlobalSection
EndGlobal
